{
  "name": "week-2-express-js-assignment-Sam-thing",
  "lockfileVersion": 3,
  "requires": true,
  "packages": {
    "": {
      "dependencies": {
        "nvm": "^0.0.4",
        "upgrade": "^1.1.0"
      }
    },
    "node_modules/nvm": {
      "version": "0.0.4",
      "resolved": "https://registry.npmjs.org/nvm/-/nvm-0.0.4.tgz",
      "integrity": "sha512-jvmyELykYcdyd0VCGY0E8Aqe5MngEasVvlPvrcJHbwBMUbVqa72mPdQuPzyTcykEtEx7jDrMY0QA5MoV+8EhgA==",
      "deprecated": "This is NOT the correct nvm. Visit https://nvm.sh and use the curl command to install it.",
      "license": "http://wtfpl.org/",
      "bin": {
        "nvm": "bin/nvm"
      }
    },
    "node_modules/upgrade": {
      "version": "1.1.0",
      "resolved": "https://registry.npmjs.org/upgrade/-/upgrade-1.1.0.tgz",
      "integrity": "sha512-NtkVvqVCqsJo5U3mYRum2Tw6uCltOxfIJ/AfTZeTmw6U39IB5X23xF+kRZ9aiPaORqeiQQ7Q209/ibhOvxzwHA==",
      "license": "MIT"
    }
  }
}
